
Microsoft Visual Studio Solution File, Format Version 12.00
# Visual Studio Version 16
VisualStudioVersion = 16.0.29209.62
MinimumVisualStudioVersion = 10.0.40219.1
Project("{FAE04EC0-301F-11D3-BF4B-00C04F79EFBC}") = "Prime.Account.API", "Prime.Account.API\Prime.Account.API.csproj", "{BC45F0FD-900A-4FEE-B50D-BCBF1CFA679E}"
EndProject
Project("{FAE04EC0-301F-11D3-BF4B-00C04F79EFBC}") = "Prime.Account.API.Test", "Prime.Account.API.Test\Prime.Account.API.Test.csproj", "{EFF48CC4-34A5-4B6D-9116-A7F7B9E1B495}"
EndProject
Global
	GlobalSection(SolutionConfigurationPlatforms) = preSolution
		Debug|Any CPU = Debug|Any CPU
		Release|Any CPU = Release|Any CPU
	EndGlobalSection
	GlobalSection(ProjectConfigurationPlatforms) = postSolution
		{BC45F0FD-900A-4FEE-B50D-BCBF1CFA679E}.Debug|Any CPU.ActiveCfg = Debug|Any CPU
		{BC45F0FD-900A-4FEE-B50D-BCBF1CFA679E}.Debug|Any CPU.Build.0 = Debug|Any CPU
		{BC45F0FD-900A-4FEE-B50D-BCBF1CFA679E}.Release|Any CPU.ActiveCfg = Release|Any CPU
		{BC45F0FD-900A-4FEE-B50D-BCBF1CFA679E}.Release|Any CPU.Build.0 = Release|Any CPU
		{EFF48CC4-34A5-4B6D-9116-A7F7B9E1B495}.Debug|Any CPU.ActiveCfg = Debug|Any CPU
		{EFF48CC4-34A5-4B6D-9116-A7F7B9E1B495}.Debug|Any CPU.Build.0 = Debug|Any CPU
		{EFF48CC4-34A5-4B6D-9116-A7F7B9E1B495}.Release|Any CPU.ActiveCfg = Release|Any CPU
		{EFF48CC4-34A5-4B6D-9116-A7F7B9E1B495}.Release|Any CPU.Build.0 = Release|Any CPU
	EndGlobalSection
	GlobalSection(SolutionProperties) = preSolution
		HideSolutionNode = FALSE
	EndGlobalSection
	GlobalSection(ExtensibilityGlobals) = postSolution
		SolutionGuid = {457847ED-5F21-4C46-882D-F3C13060D0D7}
	EndGlobalSection
EndGlobal
